
Microsoft Visual Studio Solution File, Format Version 12.00
# Visual Studio Version 17
VisualStudioVersion = 17.10.35004.147
MinimumVisualStudioVersion = 10.0.40219.1
Project("{FAE04EC0-301F-11D3-BF4B-00C04F79EFBC}") = "Llaveremos.SharedLibrary", "Llaveremos.SharedLibrary\Llaveremos.SharedLibrary.csproj", "{0DB8092A-8C8E-445D-9C4A-CF6E1AC5EA62}"
EndProject
Global
	GlobalSection(SolutionConfigurationPlatforms) = preSolution
		Debug|Any CPU = Debug|Any CPU
		Release|Any CPU = Release|Any CPU
	EndGlobalSection
	GlobalSection(ProjectConfigurationPlatforms) = postSolution
		{0DB8092A-8C8E-445D-9C4A-CF6E1AC5EA62}.Debug|Any CPU.ActiveCfg = Debug|Any CPU
		{0DB8092A-8C8E-445D-9C4A-CF6E1AC5EA62}.Debug|Any CPU.Build.0 = Debug|Any CPU
		{0DB8092A-8C8E-445D-9C4A-CF6E1AC5EA62}.Release|Any CPU.ActiveCfg = Release|Any CPU
		{0DB8092A-8C8E-445D-9C4A-CF6E1AC5EA62}.Release|Any CPU.Build.0 = Release|Any CPU
	EndGlobalSection
	GlobalSection(SolutionProperties) = preSolution
		HideSolutionNode = FALSE
	EndGlobalSection
	GlobalSection(ExtensibilityGlobals) = postSolution
		SolutionGuid = {AD72EB0C-EE64-44AD-A6AD-3E5953817E1F}
	EndGlobalSection
EndGlobal
